
Microsoft Visual Studio Solution File, Format Version 12.00
# Visual Studio Version 16
VisualStudioVersion = 16.0.33529.622
MinimumVisualStudioVersion = 10.0.40219.1
Project("{FAE04EC0-301F-11D3-BF4B-00C04F79EFBC}") = "Snakes and Ladders", "Snakes and Ladders\Snakes and Ladders.csproj", "{0DAB0379-7836-4103-A5B8-44326DC122DC}"
EndProject
Global
	GlobalSection(SolutionConfigurationPlatforms) = preSolution
		Debug|Any CPU = Debug|Any CPU
		Release|Any CPU = Release|Any CPU
	EndGlobalSection
	GlobalSection(ProjectConfigurationPlatforms) = postSolution
		{0DAB0379-7836-4103-A5B8-44326DC122DC}.Debug|Any CPU.ActiveCfg = Debug|Any CPU
		{0DAB0379-7836-4103-A5B8-44326DC122DC}.Debug|Any CPU.Build.0 = Debug|Any CPU
		{0DAB0379-7836-4103-A5B8-44326DC122DC}.Release|Any CPU.ActiveCfg = Release|Any CPU
		{0DAB0379-7836-4103-A5B8-44326DC122DC}.Release|Any CPU.Build.0 = Release|Any CPU
	EndGlobalSection
	GlobalSection(SolutionProperties) = preSolution
		HideSolutionNode = FALSE
	EndGlobalSection
	GlobalSection(ExtensibilityGlobals) = postSolution
		SolutionGuid = {DCDECBFF-1067-4546-B328-81858306DBD7}
	EndGlobalSection
EndGlobal
